// !$*UTF8*$!
{
	archiveVersion = 1;
	classes = {
	};
	objectVersion = 46;
	objects = {

/* Begin PBXBuildFile section */
		384371D71EEA85CD00B32790 /* AppDelegate.swift in Sources */ = {isa = PBXBuildFile; fileRef = 384371D61EEA85CD00B32790 /* AppDelegate.swift */; };
		384371D91EEA85CD00B32790 /* ViewController.swift in Sources */ = {isa = PBXBuildFile; fileRef = 384371D81EEA85CD00B32790 /* ViewController.swift */; };
		384371DC1EEA85CD00B32790 /* Main.storyboard in Resources */ = {isa = PBXBuildFile; fileRef = 384371DA1EEA85CD00B32790 /* Main.storyboard */; };
		384371DE1EEA85CD00B32790 /* Assets.xcassets in Resources */ = {isa = PBXBuildFile; fileRef = 384371DD1EEA85CD00B32790 /* Assets.xcassets */; };
		384371E11EEA85CD00B32790 /* LaunchScreen.storyboard in Resources */ = {isa = PBXBuildFile; fileRef = 384371DF1EEA85CD00B32790 /* LaunchScreen.storyboard */; };
		384371EA1EEA872000B32790 /* MapKit.framework in Frameworks */ = {isa = PBXBuildFile; fileRef = 384371E91EEA872000B32790 /* MapKit.framework */; };
		384371EC1EEA89E000B32790 /* CoreLocation.framework in Frameworks */ = {isa = PBXBuildFile; fileRef = 384371EB1EEA89E000B32790 /* CoreLocation.framework */; };
/* End PBXBuildFile section */

/* Begin PBXFileReference section */
		384371D31EEA85CD00B32790 /* CoreLocation_09-06-2017.app */ = {isa = PBXFileReference; explicitFileType = wrapper.application; includeInIndex = 0; path = "CoreLocation_09-06-2017.app"; sourceTree = BUILT_PRODUCTS_DIR; };
		384371D61EEA85CD00B32790 /* AppDelegate.swift */ = {isa = PBXFileReference; lastKnownFileType = sourcecode.swift; path = AppDelegate.swift; sourceTree = "<group>"; };
		384371D81EEA85CD00B32790 /* ViewController.swift */ = {isa = PBXFileReference; lastKnownFileType = sourcecode.swift; path = ViewController.swift; sourceTree = "<group>"; };
		384371DB1EEA85CD00B32790 /* Base */ = {isa = PBXFileReference; lastKnownFileType = file.storyboard; name = Base; path = Base.lproj/Main.storyboard; sourceTree = "<group>"; };
		384371DD1EEA85CD00B32790 /* Assets.xcassets */ = {isa = PBXFileReference; lastKnownFileType = folder.assetcatalog; path = Assets.xcassets; sourceTree = "<group>"; };
		384371E01EEA85CD00B32790 /* Base */ = {isa = PBXFileReference; lastKnownFileType = file.storyboard; name = Base; path = Base.lproj/LaunchScreen.storyboard; sourceTree = "<group>"; };
		384371E21EEA85CD00B32790 /* Info.plist */ = {isa = PBXFileReference; lastKnownFileType = text.plist.xml; path = Info.plist; sourceTree = "<group>"; };
		384371E91EEA872000B32790 /* MapKit.framework */ = {isa = PBXFileReference; lastKnownFileType = wrapper.framework; name = MapKit.framework; path = System/Library/Frameworks/MapKit.framework; sourceTree = SDKROOT; };
		384371EB1EEA89E000B32790 /* CoreLocation.framework */ = {isa = PBXFileReference; lastKnownFileType = wrapper.framework; name = CoreLocation.framework; path = System/Library/Frameworks/CoreLocation.framework; sourceTree = SDKROOT; };
/* End PBXFileReference section */

/* Begin PBXFrameworksBuildPhase section */
		384371D01EEA85CD00B32790 /* Frameworks */ = {
			isa = PBXFrameworksBuildPhase;
			buildActionMask = 2147483647;
			files = (
				384371EC1EEA89E000B32790 /* CoreLocation.framework in Frameworks */,
				384371EA1EEA872000B32790 /* MapKit.framework in Frameworks */,
			);
			runOnlyForDeploymentPostprocessing = 0;
		};
/* End PBXFrameworksBuildPhase section */

/* Begin PBXGroup section */
		384371CA1EEA85CD00B32790 = {
			isa = PBXGroup;
			children = (
				384371D51EEA85CD00B32790 /* CoreLocation_09-06-2017 */,
				384371D41EEA85CD00B32790 /* Products */,
				384371E81EEA872000B32790 /* Frameworks */,
			);
			sourceTree = "<group>";
		};
		384371D41EEA85CD00B32790 /* Products */ = {
			isa = PBXGroup;
			children = (
				384371D31EEA85CD00B32790 /* CoreLocation_09-06-2017.app */,
			);
			name = Products;
			sourceTree = "<group>";
		};
		384371D51EEA85CD00B32790 /* CoreLocation_09-06-2017 */ = {
			isa = PBXGroup;
			children = (
				384371D61EEA85CD00B32790 /* AppDelegate.swift */,
				384371D81EEA85CD00B32790 /* ViewController.swift */,
				384371DA1EEA85CD00B32790 /* Main.storyboard */,
				384371DD1EEA85CD00B32790 /* Assets.xcassets */,
				384371DF1EEA85CD00B32790 /* LaunchScreen.storyboard */,
				384371E21EEA85CD00B32790 /* Info.plist */,
			);
			path = "CoreLocation_09-06-2017";
			sourceTree = "<group>";
		};
		384371E81EEA872000B32790 /* Frameworks */ = {
			isa = PBXGroup;
			children = (
				384371EB1EEA89E000B32790 /* CoreLocation.framework */,
				384371E91EEA872000B32790 /* MapKit.framework */,
			);
			name = Frameworks;
			sourceTree = "<group>";
		};
/* End PBXGroup section */

/* Begin PBXNativeTarget section */
		384371D21EEA85CD00B32790 /* CoreLocation_09-06-2017 */ = {
			isa = PBXNativeTarget;
			buildConfigurationList = 384371E51EEA85CD00B32790 /* Build configuration list for PBXNativeTarget "CoreLocation_09-06-2017" */;
			buildPhases = (
				384371CF1EEA85CD00B32790 /* Sources */,
				384371D01EEA85CD00B32790 /* Frameworks */,
				384371D11EEA85CD00B32790 /* Resources */,
			);
			buildRules = (
			);
			dependencies = (
			);
			name = "CoreLocation_09-06-2017";
			productName = "CoreLocation_09-06-2017";
			productReference = 384371D31EEA85CD00B32790 /* CoreLocation_09-06-2017.app */;
			productType = "com.apple.product-type.application";
		};
/* End PBXNativeTarget section */

/* Begin PBXProject section */
		384371CB1EEA85CD00B32790 /* Project object */ = {
			isa = PBXProject;
			attributes = {
				LastSwiftUpdateCheck = 0830;
				LastUpgradeCheck = 0830;
				ORGANIZATIONNAME = "Gabriele Suerz";
				TargetAttributes = {
					384371D21EEA85CD00B32790 = {
						CreatedOnToolsVersion = 8.3.3;
						DevelopmentTeam = 6M2CJ2SN4J;
						ProvisioningStyle = Automatic;
						SystemCapabilities = {
							com.apple.Maps.iOS = {
								enabled = 1;
							};
						};
					};
				};
			};
			buildConfigurationList = 384371CE1EEA85CD00B32790 /* Build configuration list for PBXProject "CoreLocation_09-06-2017" */;
			compatibilityVersion = "Xcode 3.2";
			developmentRegion = English;
			hasScannedForEncodings = 0;
			knownRegions = (
				en,
				Base,
			);
			mainGroup = 384371CA1EEA85CD00B32790;
			productRefGroup = 384371D41EEA85CD00B32790 /* Products */;
			projectDirPath = "";
			projectRoot = "";
			targets = (
				384371D21EEA85CD00B32790 /* CoreLocation_09-06-2017 */,
			);
		};
/* End PBXProject section */

/* Begin PBXResourcesBuildPhase section */
		384371D11EEA85CD00B32790 /* Resources */ = {
			isa = PBXResourcesBuildPhase;
			buildActionMask = 2147483647;
			files = (
				384371E11EEA85CD00B32790 /* LaunchScreen.storyboard in Resources */,
				384371DE1EEA85CD00B32790 /* Assets.xcassets in Resources */,
				384371DC1EEA85CD00B32790 /* Main.storyboard in Resources */,
			);
			runOnlyForDeploymentPostprocessing = 0;
		};
/* End PBXResourcesBuildPhase section */

/* Begin PBXSourcesBuildPhase section */
		384371CF1EEA85CD00B32790 /* Sources */ = {
			isa = PBXSourcesBuildPhase;
			buildActionMask = 2147483647;
			files = (
				384371D91EEA85CD00B32790 /* ViewController.swift in Sources */,
				384371D71EEA85CD00B32790 /* AppDelegate.swift in Sources */,
			);
			runOnlyForDeploymentPostprocessing = 0;
		};
/* End PBXSourcesBuildPhase section */

/* Begin PBXVariantGroup section */
		384371DA1EEA85CD00B32790 /* Main.storyboard */ = {
			isa = PBXVariantGroup;
			children = (
				384371DB1EEA85CD00B32790 /* Base */,
			);
			name = Main.storyboard;
			sourceTree = "<group>";
		};
		384371DF1EEA85CD00B32790 /* LaunchScreen.storyboard */ = {
			isa = PBXVariantGroup;
			children = (
				384371E01EEA85CD00B32790 /* Base */,
			);
			name = LaunchScreen.storyboard;
			sourceTree = "<group>";
		};
/* End PBXVariantGroup section */

/* Begin XCBuildConfiguration section */
		384371E31EEA85CD00B32790 /* Debug */ = {
			isa = XCBuildConfiguration;
			buildSettings = {
				ALWAYS_SEARCH_USER_PATHS = NO;
				CLANG_ANALYZER_NONNULL = YES;
				CLANG_ANALYZER_NUMBER_OBJECT_CONVERSION = YES_AGGRESSIVE;
				CLANG_CXX_LANGUAGE_STANDARD = "gnu++0x";
				CLANG_CXX_LIBRARY = "libc++";
				CLANG_ENABLE_MODULES = YES;
				CLANG_ENABLE_OBJC_ARC = YES;
				CLANG_WARN_BOOL_CONVERSION = YES;
				CLANG_WARN_CONSTANT_CONVERSION = YES;
				CLANG_WARN_DIRECT_OBJC_ISA_USAGE = YES_ERROR;
				CLANG_WARN_DOCUMENTATION_COMMENTS = YES;
				CLANG_WARN_EMPTY_BODY = YES;
				CLANG_WARN_ENUM_CONVERSION = YES;
				CLANG_WARN_INFINITE_RECURSION = YES;
				CLANG_WARN_INT_CONVERSION = YES;
				CLANG_WARN_OBJC_ROOT_CLASS = YES_ERROR;
				CLANG_WARN_SUSPICIOUS_MOVE = YES;
				CLANG_WARN_UNREACHABLE_CODE = YES;
				CLANG_WARN__DUPLICATE_METHOD_MATCH = YES;
				"CODE_SIGN_IDENTITY[sdk=iphoneos*]" = "iPhone Developer";
				COPY_PHASE_STRIP = NO;
				DEBUG_INFORMATION_FORMAT = dwarf;
				ENABLE_STRICT_OBJC_MSGSEND = YES;
				ENABLE_TESTABILITY = YES;
				GCC_C_LANGUAGE_STANDARD = gnu99;
				GCC_DYNAMIC_NO_PIC = NO;
				GCC_NO_COMMON_BLOCKS = YES;
				GCC_OPTIMIZATION_LEVEL = 0;
				GCC_PREPROCESSOR_DEFINITIONS = (
					"DEBUG=1",
					"$(inherited)",
				);
				GCC_WARN_64_TO_32_BIT_CONVERSION = YES;
				GCC_WARN_ABOUT_RETURN_TYPE = YES_ERROR;
				GCC_WARN_UNDECLARED_SELECTOR = YES;
				GCC_WARN_UNINITIALIZED_AUTOS = YES_AGGRESSIVE;
				GCC_WARN_UNUSED_FUNCTION = YES;
				GCC_WARN_UNUSED_VARIABLE = YES;
				IPHONEOS_DEPLOYMENT_TARGET = 10.3;
				MTL_ENABLE_DEBUG_INFO = YES;
				ONLY_ACTIVE_ARCH = YES;
				SDKROOT = iphoneos;
				SWIFT_ACTIVE_COMPILATION_CONDITIONS = DEBUG;
				SWIFT_OPTIMIZATION_LEVEL = "-Onone";
			};
			name = Debug;
		};
		384371E41EEA85CD00B32790 /* Release */ = {
			isa = XCBuildConfiguration;
			buildSettings = {
				ALWAYS_SEARCH_USER_PATHS = NO;
				CLANG_ANALYZER_NONNULL = YES;
				CLANG_ANALYZER_NUMBER_OBJECT_CONVERSION = YES_AGGRESSIVE;
				CLANG_CXX_LANGUAGE_STANDARD = "gnu++0x";
				CLANG_CXX_LIBRARY = "libc++";
				CLANG_ENABLE_MODULES = YES;
				CLANG_ENABLE_OBJC_ARC = YES;
				CLANG_WARN_BOOL_CONVERSION = YES;
				CLANG_WARN_CONSTANT_CONVERSION = YES;
				CLANG_WARN_DIRECT_OBJC_ISA_USAGE = YES_ERROR;
				CLANG_WARN_DOCUMENTATION_COMMENTS = YES;
				CLANG_WARN_EMPTY_BODY = YES;
				CLANG_WARN_ENUM_CONVERSION = YES;
				CLANG_WARN_INFINITE_RECURSION = YES;
				CLANG_WARN_INT_CONVERSION = YES;
				CLANG_WARN_OBJC_ROOT_CLASS = YES_ERROR;
				CLANG_WARN_SUSPICIOUS_MOVE = YES;
				CLANG_WARN_UNREACHABLE_CODE = YES;
				CLANG_WARN__DUPLICATE_METHOD_MATCH = YES;
				"CODE_SIGN_IDENTITY[sdk=iphoneos*]" = "iPhone Developer";
				COPY_PHASE_STRIP = NO;
				DEBUG_INFORMATION_FORMAT = "dwarf-with-dsym";
				ENABLE_NS_ASSERTIONS = NO;
				ENABLE_STRICT_OBJC_MSGSEND = YES;
				GCC_C_LANGUAGE_STANDARD = gnu99;
				GCC_NO_COMMON_BLOCKS = YES;
				GCC_WARN_64_TO_32_BIT_CONVERSION = YES;
				GCC_WARN_ABOUT_RETURN_TYPE = YES_ERROR;
				GCC_WARN_UNDECLARED_SELECTOR = YES;
				GCC_WARN_UNINITIALIZED_AUTOS = YES_AGGRESSIVE;
				GCC_WARN_UNUSED_FUNCTION = YES;
				GCC_WARN_UNUSED_VARIABLE = YES;
				IPHONEOS_DEPLOYMENT_TARGET = 10.3;
				MTL_ENABLE_DEBUG_INFO = NO;
				SDKROOT = iphoneos;
				SWIFT_OPTIMIZATION_LEVEL = "-Owholemodule";
				VALIDATE_PRODUCT = YES;
			};
			name = Release;
		};
		384371E61EEA85CD00B32790 /* Debug */ = {
			isa = XCBuildConfiguration;
			buildSettings = {
				ASSETCATALOG_COMPILER_APPICON_NAME = AppIcon;
				DEVELOPMENT_TEAM = 6M2CJ2SN4J;
				INFOPLIST_FILE = "CoreLocation_09-06-2017/Info.plist";
				LD_RUNPATH_SEARCH_PATHS = "$(inherited) @executable_path/Frameworks";
				PRODUCT_BUNDLE_IDENTIFIER = "com.gabrysuerz.CoreLocation-09-06-2017";
				PRODUCT_NAME = "$(TARGET_NAME)";
				SWIFT_VERSION = 3.0;
			};
			name = Debug;
		};
		384371E71EEA85CD00B32790 /* Release */ = {
			isa = XCBuildConfiguration;
			buildSettings = {
				ASSETCATALOG_COMPILER_APPICON_NAME = AppIcon;
				DEVELOPMENT_TEAM = 6M2CJ2SN4J;
				INFOPLIST_FILE = "CoreLocation_09-06-2017/Info.plist";
				LD_RUNPATH_SEARCH_PATHS = "$(inherited) @executable_path/Frameworks";
				PRODUCT_BUNDLE_IDENTIFIER = "com.gabrysuerz.CoreLocation-09-06-2017";
				PRODUCT_NAME = "$(TARGET_NAME)";
				SWIFT_VERSION = 3.0;
			};
			name = Release;
		};
/* End XCBuildConfiguration section */

/* Begin XCConfigurationList section */
		384371CE1EEA85CD00B32790 /* Build configuration list for PBXProject "CoreLocation_09-06-2017" */ = {
			isa = XCConfigurationList;
			buildConfigurations = (
				384371E31EEA85CD00B32790 /* Debug */,
				384371E41EEA85CD00B32790 /* Release */,
			);
			defaultConfigurationIsVisible = 0;
			defaultConfigurationName = Release;
		};
		384371E51EEA85CD00B32790 /* Build configuration list for PBXNativeTarget "CoreLocation_09-06-2017" */ = {
			isa = XCConfigurationList;
			buildConfigurations = (
				384371E61EEA85CD00B32790 /* Debug */,
				384371E71EEA85CD00B32790 /* Release */,
			);
			defaultConfigurationIsVisible = 0;
			defaultConfigurationName = Release;
		};
/* End XCConfigurationList section */
	};
	rootObject = 384371CB1EEA85CD00B32790 /* Project object */;
}
